
Microsoft Visual Studio Solution File, Format Version 12.00
# Visual Studio Version 16
VisualStudioVersion = 16.0.30523.141
MinimumVisualStudioVersion = 10.0.40219.1
Project("{FAE04EC0-301F-11D3-BF4B-00C04F79EFBC}") = "matrice_rotita", "matrice_rotita\matrice_rotita.csproj", "{BF0616E1-9164-4D3C-A348-3B28074A9DBC}"
EndProject
Global
	GlobalSection(SolutionConfigurationPlatforms) = preSolution
		Debug|Any CPU = Debug|Any CPU
		Release|Any CPU = Release|Any CPU
	EndGlobalSection
	GlobalSection(ProjectConfigurationPlatforms) = postSolution
		{BF0616E1-9164-4D3C-A348-3B28074A9DBC}.Debug|Any CPU.ActiveCfg = Debug|Any CPU
		{BF0616E1-9164-4D3C-A348-3B28074A9DBC}.Debug|Any CPU.Build.0 = Debug|Any CPU
		{BF0616E1-9164-4D3C-A348-3B28074A9DBC}.Release|Any CPU.ActiveCfg = Release|Any CPU
		{BF0616E1-9164-4D3C-A348-3B28074A9DBC}.Release|Any CPU.Build.0 = Release|Any CPU
	EndGlobalSection
	GlobalSection(SolutionProperties) = preSolution
		HideSolutionNode = FALSE
	EndGlobalSection
	GlobalSection(ExtensibilityGlobals) = postSolution
		SolutionGuid = {91ACA9C5-A5C2-4D3E-8156-BF7C61636580}
	EndGlobalSection
EndGlobal
