
Microsoft Visual Studio Solution File, Format Version 12.00
# Visual Studio Version 16
VisualStudioVersion = 16.0.30523.141
MinimumVisualStudioVersion = 10.0.40219.1
Project("{FAE04EC0-301F-11D3-BF4B-00C04F79EFBC}") = "Merge Sort_myVersion", "Merge Sort_myVersion\Merge Sort_myVersion.csproj", "{300E7999-2545-434D-8FAF-B030BE90097E}"
EndProject
Global
	GlobalSection(SolutionConfigurationPlatforms) = preSolution
		Debug|Any CPU = Debug|Any CPU
		Release|Any CPU = Release|Any CPU
	EndGlobalSection
	GlobalSection(ProjectConfigurationPlatforms) = postSolution
		{300E7999-2545-434D-8FAF-B030BE90097E}.Debug|Any CPU.ActiveCfg = Debug|Any CPU
		{300E7999-2545-434D-8FAF-B030BE90097E}.Debug|Any CPU.Build.0 = Debug|Any CPU
		{300E7999-2545-434D-8FAF-B030BE90097E}.Release|Any CPU.ActiveCfg = Release|Any CPU
		{300E7999-2545-434D-8FAF-B030BE90097E}.Release|Any CPU.Build.0 = Release|Any CPU
	EndGlobalSection
	GlobalSection(SolutionProperties) = preSolution
		HideSolutionNode = FALSE
	EndGlobalSection
	GlobalSection(ExtensibilityGlobals) = postSolution
		SolutionGuid = {F32262B5-73FF-4668-8A5F-41FAEACD3FC9}
	EndGlobalSection
EndGlobal
